
Microsoft Visual Studio Solution File, Format Version 12.00
# Visual Studio 14
VisualStudioVersion = 14.0.25420.1
MinimumVisualStudioVersion = 10.0.40219.1
Project("{FAE04EC0-301F-11D3-BF4B-00C04F79EFBC}") = "AirportDashBoard", "AirportDashBoard\AirportDashBoard.csproj", "{938B5B8F-932A-4EC5-88DC-54F9ADCAE9C5}"
EndProject
Project("{FAE04EC0-301F-11D3-BF4B-00C04F79EFBC}") = "AirportDashBoard.Tests", "AirportDashBoard.Tests\AirportDashBoard.Tests.csproj", "{6B2A9084-B068-49DB-927F-764730F84275}"
EndProject
Global
	GlobalSection(SolutionConfigurationPlatforms) = preSolution
		Debug|Any CPU = Debug|Any CPU
		Release|Any CPU = Release|Any CPU
	EndGlobalSection
	GlobalSection(ProjectConfigurationPlatforms) = postSolution
		{938B5B8F-932A-4EC5-88DC-54F9ADCAE9C5}.Debug|Any CPU.ActiveCfg = Debug|Any CPU
		{938B5B8F-932A-4EC5-88DC-54F9ADCAE9C5}.Debug|Any CPU.Build.0 = Debug|Any CPU
		{938B5B8F-932A-4EC5-88DC-54F9ADCAE9C5}.Release|Any CPU.ActiveCfg = Release|Any CPU
		{938B5B8F-932A-4EC5-88DC-54F9ADCAE9C5}.Release|Any CPU.Build.0 = Release|Any CPU
		{6B2A9084-B068-49DB-927F-764730F84275}.Debug|Any CPU.ActiveCfg = Debug|Any CPU
		{6B2A9084-B068-49DB-927F-764730F84275}.Debug|Any CPU.Build.0 = Debug|Any CPU
		{6B2A9084-B068-49DB-927F-764730F84275}.Release|Any CPU.ActiveCfg = Release|Any CPU
		{6B2A9084-B068-49DB-927F-764730F84275}.Release|Any CPU.Build.0 = Release|Any CPU
	EndGlobalSection
	GlobalSection(SolutionProperties) = preSolution
		HideSolutionNode = FALSE
	EndGlobalSection
	GlobalSection(TeamFoundationVersionControl) = preSolution
		SccNumberOfProjects = 3
		SccEnterpriseProvider = {4CA58AB2-18FA-4F8D-95D4-32DDF27D184C}
		SccTeamFoundationServer = http://win-bj31rkcaf0b:8080/tfs/ipsl_team_project_collection
		SccLocalPath0 = .
		SccProjectUniqueName1 = AirportDashBoard\\AirportDashBoard.csproj
		SccProjectName1 = AirportDashBoard
		SccLocalPath1 = AirportDashBoard
		SccProjectUniqueName2 = AirportDashBoard.Tests\\AirportDashBoard.Tests.csproj
		SccProjectName2 = AirportDashBoard.Tests
		SccLocalPath2 = AirportDashBoard.Tests
	EndGlobalSection
EndGlobal
